// !$*UTF8*$!
{
	archiveVersion = 1;
	classes = {
	};
	objectVersion = 50;
	objects = {

/* Begin PBXBuildFile section */
		28AF70112438E62A00F78508 /* AppDelegate.swift in Sources */ = {isa = PBXBuildFile; fileRef = 28AF70102438E62A00F78508 /* AppDelegate.swift */; };
		28AF70132438E62A00F78508 /* SceneDelegate.swift in Sources */ = {isa = PBXBuildFile; fileRef = 28AF70122438E62A00F78508 /* SceneDelegate.swift */; };
		28AF70152438E62A00F78508 /* ViewController.swift in Sources */ = {isa = PBXBuildFile; fileRef = 28AF70142438E62A00F78508 /* ViewController.swift */; };
		28AF70182438E62A00F78508 /* Main.storyboard in Resources */ = {isa = PBXBuildFile; fileRef = 28AF70162438E62A00F78508 /* Main.storyboard */; };
		28AF701A2438E62F00F78508 /* Assets.xcassets in Resources */ = {isa = PBXBuildFile; fileRef = 28AF70192438E62F00F78508 /* Assets.xcassets */; };
		28AF701D2438E62F00F78508 /* LaunchScreen.storyboard in Resources */ = {isa = PBXBuildFile; fileRef = 28AF701B2438E62F00F78508 /* LaunchScreen.storyboard */; };
		28AF70282438E62F00F78508 /* Catch_The_KennyTests.swift in Sources */ = {isa = PBXBuildFile; fileRef = 28AF70272438E62F00F78508 /* Catch_The_KennyTests.swift */; };
		28AF70332438E62F00F78508 /* Catch_The_KennyUITests.swift in Sources */ = {isa = PBXBuildFile; fileRef = 28AF70322438E62F00F78508 /* Catch_The_KennyUITests.swift */; };
/* End PBXBuildFile section */

/* Begin PBXContainerItemProxy section */
		28AF70242438E62F00F78508 /* PBXContainerItemProxy */ = {
			isa = PBXContainerItemProxy;
			containerPortal = 28AF70052438E62A00F78508 /* Project object */;
			proxyType = 1;
			remoteGlobalIDString = 28AF700C2438E62A00F78508;
			remoteInfo = "Catch The Kenny";
		};
		28AF702F2438E62F00F78508 /* PBXContainerItemProxy */ = {
			isa = PBXContainerItemProxy;
			containerPortal = 28AF70052438E62A00F78508 /* Project object */;
			proxyType = 1;
			remoteGlobalIDString = 28AF700C2438E62A00F78508;
			remoteInfo = "Catch The Kenny";
		};
/* End PBXContainerItemProxy section */

/* Begin PBXFileReference section */
		28AF700D2438E62A00F78508 /* Catch The Kenny.app */ = {isa = PBXFileReference; explicitFileType = wrapper.application; includeInIndex = 0; path = "Catch The Kenny.app"; sourceTree = BUILT_PRODUCTS_DIR; };
		28AF70102438E62A00F78508 /* AppDelegate.swift */ = {isa = PBXFileReference; lastKnownFileType = sourcecode.swift; path = AppDelegate.swift; sourceTree = "<group>"; };
		28AF70122438E62A00F78508 /* SceneDelegate.swift */ = {isa = PBXFileReference; lastKnownFileType = sourcecode.swift; path = SceneDelegate.swift; sourceTree = "<group>"; };
		28AF70142438E62A00F78508 /* ViewController.swift */ = {isa = PBXFileReference; lastKnownFileType = sourcecode.swift; path = ViewController.swift; sourceTree = "<group>"; };
		28AF70172438E62A00F78508 /* Base */ = {isa = PBXFileReference; lastKnownFileType = file.storyboard; name = Base; path = Base.lproj/Main.storyboard; sourceTree = "<group>"; };
		28AF70192438E62F00F78508 /* Assets.xcassets */ = {isa = PBXFileReference; lastKnownFileType = folder.assetcatalog; path = Assets.xcassets; sourceTree = "<group>"; };
		28AF701C2438E62F00F78508 /* Base */ = {isa = PBXFileReference; lastKnownFileType = file.storyboard; name = Base; path = Base.lproj/LaunchScreen.storyboard; sourceTree = "<group>"; };
		28AF701E2438E62F00F78508 /* Info.plist */ = {isa = PBXFileReference; lastKnownFileType = text.plist.xml; path = Info.plist; sourceTree = "<group>"; };
		28AF70232438E62F00F78508 /* Catch The KennyTests.xctest */ = {isa = PBXFileReference; explicitFileType = wrapper.cfbundle; includeInIndex = 0; path = "Catch The KennyTests.xctest"; sourceTree = BUILT_PRODUCTS_DIR; };
		28AF70272438E62F00F78508 /* Catch_The_KennyTests.swift */ = {isa = PBXFileReference; lastKnownFileType = sourcecode.swift; path = Catch_The_KennyTests.swift; sourceTree = "<group>"; };
		28AF70292438E62F00F78508 /* Info.plist */ = {isa = PBXFileReference; lastKnownFileType = text.plist.xml; path = Info.plist; sourceTree = "<group>"; };
		28AF702E2438E62F00F78508 /* Catch The KennyUITests.xctest */ = {isa = PBXFileReference; explicitFileType = wrapper.cfbundle; includeInIndex = 0; path = "Catch The KennyUITests.xctest"; sourceTree = BUILT_PRODUCTS_DIR; };
		28AF70322438E62F00F78508 /* Catch_The_KennyUITests.swift */ = {isa = PBXFileReference; lastKnownFileType = sourcecode.swift; path = Catch_The_KennyUITests.swift; sourceTree = "<group>"; };
		28AF70342438E62F00F78508 /* Info.plist */ = {isa = PBXFileReference; lastKnownFileType = text.plist.xml; path = Info.plist; sourceTree = "<group>"; };
/* End PBXFileReference section */

/* Begin PBXFrameworksBuildPhase section */
		28AF700A2438E62A00F78508 /* Frameworks */ = {
			isa = PBXFrameworksBuildPhase;
			buildActionMask = 2147483647;
			files = (
			);
			runOnlyForDeploymentPostprocessing = 0;
		};
		28AF70202438E62F00F78508 /* Frameworks */ = {
			isa = PBXFrameworksBuildPhase;
			buildActionMask = 2147483647;
			files = (
			);
			runOnlyForDeploymentPostprocessing = 0;
		};
		28AF702B2438E62F00F78508 /* Frameworks */ = {
			isa = PBXFrameworksBuildPhase;
			buildActionMask = 2147483647;
			files = (
			);
			runOnlyForDeploymentPostprocessing = 0;
		};
/* End PBXFrameworksBuildPhase section */

/* Begin PBXGroup section */
		28AF70042438E62A00F78508 = {
			isa = PBXGroup;
			children = (
				28AF700F2438E62A00F78508 /* Catch The Kenny */,
				28AF70262438E62F00F78508 /* Catch The KennyTests */,
				28AF70312438E62F00F78508 /* Catch The KennyUITests */,
				28AF700E2438E62A00F78508 /* Products */,
			);
			sourceTree = "<group>";
		};
		28AF700E2438E62A00F78508 /* Products */ = {
			isa = PBXGroup;
			children = (
				28AF700D2438E62A00F78508 /* Catch The Kenny.app */,
				28AF70232438E62F00F78508 /* Catch The KennyTests.xctest */,
				28AF702E2438E62F00F78508 /* Catch The KennyUITests.xctest */,
			);
			name = Products;
			sourceTree = "<group>";
		};
		28AF700F2438E62A00F78508 /* Catch The Kenny */ = {
			isa = PBXGroup;
			children = (
				28AF70102438E62A00F78508 /* AppDelegate.swift */,
				28AF70122438E62A00F78508 /* SceneDelegate.swift */,
				28AF70142438E62A00F78508 /* ViewController.swift */,
				28AF70162438E62A00F78508 /* Main.storyboard */,
				28AF70192438E62F00F78508 /* Assets.xcassets */,
				28AF701B2438E62F00F78508 /* LaunchScreen.storyboard */,
				28AF701E2438E62F00F78508 /* Info.plist */,
			);
			path = "Catch The Kenny";
			sourceTree = "<group>";
		};
		28AF70262438E62F00F78508 /* Catch The KennyTests */ = {
			isa = PBXGroup;
			children = (
				28AF70272438E62F00F78508 /* Catch_The_KennyTests.swift */,
				28AF70292438E62F00F78508 /* Info.plist */,
			);
			path = "Catch The KennyTests";
			sourceTree = "<group>";
		};
		28AF70312438E62F00F78508 /* Catch The KennyUITests */ = {
			isa = PBXGroup;
			children = (
				28AF70322438E62F00F78508 /* Catch_The_KennyUITests.swift */,
				28AF70342438E62F00F78508 /* Info.plist */,
			);
			path = "Catch The KennyUITests";
			sourceTree = "<group>";
		};
/* End PBXGroup section */

/* Begin PBXNativeTarget section */
		28AF700C2438E62A00F78508 /* Catch The Kenny */ = {
			isa = PBXNativeTarget;
			buildConfigurationList = 28AF70372438E62F00F78508 /* Build configuration list for PBXNativeTarget "Catch The Kenny" */;
			buildPhases = (
				28AF70092438E62A00F78508 /* Sources */,
				28AF700A2438E62A00F78508 /* Frameworks */,
				28AF700B2438E62A00F78508 /* Resources */,
			);
			buildRules = (
			);
			dependencies = (
			);
			name = "Catch The Kenny";
			productName = "Catch The Kenny";
			productReference = 28AF700D2438E62A00F78508 /* Catch The Kenny.app */;
			productType = "com.apple.product-type.application";
		};
		28AF70222438E62F00F78508 /* Catch The KennyTests */ = {
			isa = PBXNativeTarget;
			buildConfigurationList = 28AF703A2438E62F00F78508 /* Build configuration list for PBXNativeTarget "Catch The KennyTests" */;
			buildPhases = (
				28AF701F2438E62F00F78508 /* Sources */,
				28AF70202438E62F00F78508 /* Frameworks */,
				28AF70212438E62F00F78508 /* Resources */,
			);
			buildRules = (
			);
			dependencies = (
				28AF70252438E62F00F78508 /* PBXTargetDependency */,
			);
			name = "Catch The KennyTests";
			productName = "Catch The KennyTests";
			productReference = 28AF70232438E62F00F78508 /* Catch The KennyTests.xctest */;
			productType = "com.apple.product-type.bundle.unit-test";
		};
		28AF702D2438E62F00F78508 /* Catch The KennyUITests */ = {
			isa = PBXNativeTarget;
			buildConfigurationList = 28AF703D2438E62F00F78508 /* Build configuration list for PBXNativeTarget "Catch The KennyUITests" */;
			buildPhases = (
				28AF702A2438E62F00F78508 /* Sources */,
				28AF702B2438E62F00F78508 /* Frameworks */,
				28AF702C2438E62F00F78508 /* Resources */,
			);
			buildRules = (
			);
			dependencies = (
				28AF70302438E62F00F78508 /* PBXTargetDependency */,
			);
			name = "Catch The KennyUITests";
			productName = "Catch The KennyUITests";
			productReference = 28AF702E2438E62F00F78508 /* Catch The KennyUITests.xctest */;
			productType = "com.apple.product-type.bundle.ui-testing";
		};
/* End PBXNativeTarget section */

/* Begin PBXProject section */
		28AF70052438E62A00F78508 /* Project object */ = {
			isa = PBXProject;
			attributes = {
				LastSwiftUpdateCheck = 1140;
				LastUpgradeCheck = 1140;
				ORGANIZATIONNAME = "Kadir Kutluhan Alev";
				TargetAttributes = {
					28AF700C2438E62A00F78508 = {
						CreatedOnToolsVersion = 11.4;
					};
					28AF70222438E62F00F78508 = {
						CreatedOnToolsVersion = 11.4;
						TestTargetID = 28AF700C2438E62A00F78508;
					};
					28AF702D2438E62F00F78508 = {
						CreatedOnToolsVersion = 11.4;
						TestTargetID = 28AF700C2438E62A00F78508;
					};
				};
			};
			buildConfigurationList = 28AF70082438E62A00F78508 /* Build configuration list for PBXProject "Catch The Kenny" */;
			compatibilityVersion = "Xcode 9.3";
			developmentRegion = en;
			hasScannedForEncodings = 0;
			knownRegions = (
				en,
				Base,
			);
			mainGroup = 28AF70042438E62A00F78508;
			productRefGroup = 28AF700E2438E62A00F78508 /* Products */;
			projectDirPath = "";
			projectRoot = "";
			targets = (
				28AF700C2438E62A00F78508 /* Catch The Kenny */,
				28AF70222438E62F00F78508 /* Catch The KennyTests */,
				28AF702D2438E62F00F78508 /* Catch The KennyUITests */,
			);
		};
/* End PBXProject section */

/* Begin PBXResourcesBuildPhase section */
		28AF700B2438E62A00F78508 /* Resources */ = {
			isa = PBXResourcesBuildPhase;
			buildActionMask = 2147483647;
			files = (
				28AF701D2438E62F00F78508 /* LaunchScreen.storyboard in Resources */,
				28AF701A2438E62F00F78508 /* Assets.xcassets in Resources */,
				28AF70182438E62A00F78508 /* Main.storyboard in Resources */,
			);
			runOnlyForDeploymentPostprocessing = 0;
		};
		28AF70212438E62F00F78508 /* Resources */ = {
			isa = PBXResourcesBuildPhase;
			buildActionMask = 2147483647;
			files = (
			);
			runOnlyForDeploymentPostprocessing = 0;
		};
		28AF702C2438E62F00F78508 /* Resources */ = {
			isa = PBXResourcesBuildPhase;
			buildActionMask = 2147483647;
			files = (
			);
			runOnlyForDeploymentPostprocessing = 0;
		};
/* End PBXResourcesBuildPhase section */

/* Begin PBXSourcesBuildPhase section */
		28AF70092438E62A00F78508 /* Sources */ = {
			isa = PBXSourcesBuildPhase;
			buildActionMask = 2147483647;
			files = (
				28AF70152438E62A00F78508 /* ViewController.swift in Sources */,
				28AF70112438E62A00F78508 /* AppDelegate.swift in Sources */,
				28AF70132438E62A00F78508 /* SceneDelegate.swift in Sources */,
			);
			runOnlyForDeploymentPostprocessing = 0;
		};
		28AF701F2438E62F00F78508 /* Sources */ = {
			isa = PBXSourcesBuildPhase;
			buildActionMask = 2147483647;
			files = (
				28AF70282438E62F00F78508 /* Catch_The_KennyTests.swift in Sources */,
			);
			runOnlyForDeploymentPostprocessing = 0;
		};
		28AF702A2438E62F00F78508 /* Sources */ = {
			isa = PBXSourcesBuildPhase;
			buildActionMask = 2147483647;
			files = (
				28AF70332438E62F00F78508 /* Catch_The_KennyUITests.swift in Sources */,
			);
			runOnlyForDeploymentPostprocessing = 0;
		};
/* End PBXSourcesBuildPhase section */

/* Begin PBXTargetDependency section */
		28AF70252438E62F00F78508 /* PBXTargetDependency */ = {
			isa = PBXTargetDependency;
			target = 28AF700C2438E62A00F78508 /* Catch The Kenny */;
			targetProxy = 28AF70242438E62F00F78508 /* PBXContainerItemProxy */;
		};
		28AF70302438E62F00F78508 /* PBXTargetDependency */ = {
			isa = PBXTargetDependency;
			target = 28AF700C2438E62A00F78508 /* Catch The Kenny */;
			targetProxy = 28AF702F2438E62F00F78508 /* PBXContainerItemProxy */;
		};
/* End PBXTargetDependency section */

/* Begin PBXVariantGroup section */
		28AF70162438E62A00F78508 /* Main.storyboard */ = {
			isa = PBXVariantGroup;
			children = (
				28AF70172438E62A00F78508 /* Base */,
			);
			name = Main.storyboard;
			sourceTree = "<group>";
		};
		28AF701B2438E62F00F78508 /* LaunchScreen.storyboard */ = {
			isa = PBXVariantGroup;
			children = (
				28AF701C2438E62F00F78508 /* Base */,
			);
			name = LaunchScreen.storyboard;
			sourceTree = "<group>";
		};
/* End PBXVariantGroup section */

/* Begin XCBuildConfiguration section */
		28AF70352438E62F00F78508 /* Debug */ = {
			isa = XCBuildConfiguration;
			buildSettings = {
				ALWAYS_SEARCH_USER_PATHS = NO;
				CLANG_ANALYZER_NONNULL = YES;
				CLANG_ANALYZER_NUMBER_OBJECT_CONVERSION = YES_AGGRESSIVE;
				CLANG_CXX_LANGUAGE_STANDARD = "gnu++14";
				CLANG_CXX_LIBRARY = "libc++";
				CLANG_ENABLE_MODULES = YES;
				CLANG_ENABLE_OBJC_ARC = YES;
				CLANG_ENABLE_OBJC_WEAK = YES;
				CLANG_WARN_BLOCK_CAPTURE_AUTORELEASING = YES;
				CLANG_WARN_BOOL_CONVERSION = YES;
				CLANG_WARN_COMMA = YES;
				CLANG_WARN_CONSTANT_CONVERSION = YES;
				CLANG_WARN_DEPRECATED_OBJC_IMPLEMENTATIONS = YES;
				CLANG_WARN_DIRECT_OBJC_ISA_USAGE = YES_ERROR;
				CLANG_WARN_DOCUMENTATION_COMMENTS = YES;
				CLANG_WARN_EMPTY_BODY = YES;
				CLANG_WARN_ENUM_CONVERSION = YES;
				CLANG_WARN_INFINITE_RECURSION = YES;
				CLANG_WARN_INT_CONVERSION = YES;
				CLANG_WARN_NON_LITERAL_NULL_CONVERSION = YES;
				CLANG_WARN_OBJC_IMPLICIT_RETAIN_SELF = YES;
				CLANG_WARN_OBJC_LITERAL_CONVERSION = YES;
				CLANG_WARN_OBJC_ROOT_CLASS = YES_ERROR;
				CLANG_WARN_RANGE_LOOP_ANALYSIS = YES;
				CLANG_WARN_STRICT_PROTOTYPES = YES;
				CLANG_WARN_SUSPICIOUS_MOVE = YES;
				CLANG_WARN_UNGUARDED_AVAILABILITY = YES_AGGRESSIVE;
				CLANG_WARN_UNREACHABLE_CODE = YES;
				CLANG_WARN__DUPLICATE_METHOD_MATCH = YES;
				COPY_PHASE_STRIP = NO;
				DEBUG_INFORMATION_FORMAT = dwarf;
				ENABLE_STRICT_OBJC_MSGSEND = YES;
				ENABLE_TESTABILITY = YES;
				GCC_C_LANGUAGE_STANDARD = gnu11;
				GCC_DYNAMIC_NO_PIC = NO;
				GCC_NO_COMMON_BLOCKS = YES;
				GCC_OPTIMIZATION_LEVEL = 0;
				GCC_PREPROCESSOR_DEFINITIONS = (
					"DEBUG=1",
					"$(inherited)",
				);
				GCC_WARN_64_TO_32_BIT_CONVERSION = YES;
				GCC_WARN_ABOUT_RETURN_TYPE = YES_ERROR;
				GCC_WARN_UNDECLARED_SELECTOR = YES;
				GCC_WARN_UNINITIALIZED_AUTOS = YES_AGGRESSIVE;
				GCC_WARN_UNUSED_FUNCTION = YES;
				GCC_WARN_UNUSED_VARIABLE = YES;
				IPHONEOS_DEPLOYMENT_TARGET = 13.4;
				MTL_ENABLE_DEBUG_INFO = INCLUDE_SOURCE;
				MTL_FAST_MATH = YES;
				ONLY_ACTIVE_ARCH = YES;
				SDKROOT = iphoneos;
				SWIFT_ACTIVE_COMPILATION_CONDITIONS = DEBUG;
				SWIFT_OPTIMIZATION_LEVEL = "-Onone";
			};
			name = Debug;
		};
		28AF70362438E62F00F78508 /* Release */ = {
			isa = XCBuildConfiguration;
			buildSettings = {
				ALWAYS_SEARCH_USER_PATHS = NO;
				CLANG_ANALYZER_NONNULL = YES;
				CLANG_ANALYZER_NUMBER_OBJECT_CONVERSION = YES_AGGRESSIVE;
				CLANG_CXX_LANGUAGE_STANDARD = "gnu++14";
				CLANG_CXX_LIBRARY = "libc++";
				CLANG_ENABLE_MODULES = YES;
				CLANG_ENABLE_OBJC_ARC = YES;
				CLANG_ENABLE_OBJC_WEAK = YES;
				CLANG_WARN_BLOCK_CAPTURE_AUTORELEASING = YES;
				CLANG_WARN_BOOL_CONVERSION = YES;
				CLANG_WARN_COMMA = YES;
				CLANG_WARN_CONSTANT_CONVERSION = YES;
				CLANG_WARN_DEPRECATED_OBJC_IMPLEMENTATIONS = YES;
				CLANG_WARN_DIRECT_OBJC_ISA_USAGE = YES_ERROR;
				CLANG_WARN_DOCUMENTATION_COMMENTS = YES;
				CLANG_WARN_EMPTY_BODY = YES;
				CLANG_WARN_ENUM_CONVERSION = YES;
				CLANG_WARN_INFINITE_RECURSION = YES;
				CLANG_WARN_INT_CONVERSION = YES;
				CLANG_WARN_NON_LITERAL_NULL_CONVERSION = YES;
				CLANG_WARN_OBJC_IMPLICIT_RETAIN_SELF = YES;
				CLANG_WARN_OBJC_LITERAL_CONVERSION = YES;
				CLANG_WARN_OBJC_ROOT_CLASS = YES_ERROR;
				CLANG_WARN_RANGE_LOOP_ANALYSIS = YES;
				CLANG_WARN_STRICT_PROTOTYPES = YES;
				CLANG_WARN_SUSPICIOUS_MOVE = YES;
				CLANG_WARN_UNGUARDED_AVAILABILITY = YES_AGGRESSIVE;
				CLANG_WARN_UNREACHABLE_CODE = YES;
				CLANG_WARN__DUPLICATE_METHOD_MATCH = YES;
				COPY_PHASE_STRIP = NO;
				DEBUG_INFORMATION_FORMAT = "dwarf-with-dsym";
				ENABLE_NS_ASSERTIONS = NO;
				ENABLE_STRICT_OBJC_MSGSEND = YES;
				GCC_C_LANGUAGE_STANDARD = gnu11;
				GCC_NO_COMMON_BLOCKS = YES;
				GCC_WARN_64_TO_32_BIT_CONVERSION = YES;
				GCC_WARN_ABOUT_RETURN_TYPE = YES_ERROR;
				GCC_WARN_UNDECLARED_SELECTOR = YES;
				GCC_WARN_UNINITIALIZED_AUTOS = YES_AGGRESSIVE;
				GCC_WARN_UNUSED_FUNCTION = YES;
				GCC_WARN_UNUSED_VARIABLE = YES;
				IPHONEOS_DEPLOYMENT_TARGET = 13.4;
				MTL_ENABLE_DEBUG_INFO = NO;
				MTL_FAST_MATH = YES;
				SDKROOT = iphoneos;
				SWIFT_COMPILATION_MODE = wholemodule;
				SWIFT_OPTIMIZATION_LEVEL = "-O";
				VALIDATE_PRODUCT = YES;
			};
			name = Release;
		};
		28AF70382438E62F00F78508 /* Debug */ = {
			isa = XCBuildConfiguration;
			buildSettings = {
				ASSETCATALOG_COMPILER_APPICON_NAME = AppIcon;
				CODE_SIGN_STYLE = Automatic;
				DEVELOPMENT_TEAM = 4AH5W8379D;
				INFOPLIST_FILE = "Catch The Kenny/Info.plist";
				LD_RUNPATH_SEARCH_PATHS = (
					"$(inherited)",
					"@executable_path/Frameworks",
				);
				PRODUCT_BUNDLE_IDENTIFIER = "planforlife.Catch-The-Kenny";
				PRODUCT_NAME = "$(TARGET_NAME)";
				SWIFT_VERSION = 5.0;
				TARGETED_DEVICE_FAMILY = "1,2";
			};
			name = Debug;
		};
		28AF70392438E62F00F78508 /* Release */ = {
			isa = XCBuildConfiguration;
			buildSettings = {
				ASSETCATALOG_COMPILER_APPICON_NAME = AppIcon;
				CODE_SIGN_STYLE = Automatic;
				DEVELOPMENT_TEAM = 4AH5W8379D;
				INFOPLIST_FILE = "Catch The Kenny/Info.plist";
				LD_RUNPATH_SEARCH_PATHS = (
					"$(inherited)",
					"@executable_path/Frameworks",
				);
				PRODUCT_BUNDLE_IDENTIFIER = "planforlife.Catch-The-Kenny";
				PRODUCT_NAME = "$(TARGET_NAME)";
				SWIFT_VERSION = 5.0;
				TARGETED_DEVICE_FAMILY = "1,2";
			};
			name = Release;
		};
		28AF703B2438E62F00F78508 /* Debug */ = {
			isa = XCBuildConfiguration;
			buildSettings = {
				ALWAYS_EMBED_SWIFT_STANDARD_LIBRARIES = YES;
				BUNDLE_LOADER = "$(TEST_HOST)";
				CODE_SIGN_STYLE = Automatic;
				DEVELOPMENT_TEAM = 4AH5W8379D;
				INFOPLIST_FILE = "Catch The KennyTests/Info.plist";
				IPHONEOS_DEPLOYMENT_TARGET = 13.4;
				LD_RUNPATH_SEARCH_PATHS = (
					"$(inherited)",
					"@executable_path/Frameworks",
					"@loader_path/Frameworks",
				);
				PRODUCT_BUNDLE_IDENTIFIER = "planforlife.Catch-The-KennyTests";
				PRODUCT_NAME = "$(TARGET_NAME)";
				SWIFT_VERSION = 5.0;
				TARGETED_DEVICE_FAMILY = "1,2";
				TEST_HOST = "$(BUILT_PRODUCTS_DIR)/Catch The Kenny.app/Catch The Kenny";
			};
			name = Debug;
		};
		28AF703C2438E62F00F78508 /* Release */ = {
			isa = XCBuildConfiguration;
			buildSettings = {
				ALWAYS_EMBED_SWIFT_STANDARD_LIBRARIES = YES;
				BUNDLE_LOADER = "$(TEST_HOST)";
				CODE_SIGN_STYLE = Automatic;
				DEVELOPMENT_TEAM = 4AH5W8379D;
				INFOPLIST_FILE = "Catch The KennyTests/Info.plist";
				IPHONEOS_DEPLOYMENT_TARGET = 13.4;
				LD_RUNPATH_SEARCH_PATHS = (
					"$(inherited)",
					"@executable_path/Frameworks",
					"@loader_path/Frameworks",
				);
				PRODUCT_BUNDLE_IDENTIFIER = "planforlife.Catch-The-KennyTests";
				PRODUCT_NAME = "$(TARGET_NAME)";
				SWIFT_VERSION = 5.0;
				TARGETED_DEVICE_FAMILY = "1,2";
				TEST_HOST = "$(BUILT_PRODUCTS_DIR)/Catch The Kenny.app/Catch The Kenny";
			};
			name = Release;
		};
		28AF703E2438E62F00F78508 /* Debug */ = {
			isa = XCBuildConfiguration;
			buildSettings = {
				ALWAYS_EMBED_SWIFT_STANDARD_LIBRARIES = YES;
				CODE_SIGN_STYLE = Automatic;
				DEVELOPMENT_TEAM = 4AH5W8379D;
				INFOPLIST_FILE = "Catch The KennyUITests/Info.plist";
				LD_RUNPATH_SEARCH_PATHS = (
					"$(inherited)",
					"@executable_path/Frameworks",
					"@loader_path/Frameworks",
				);
				PRODUCT_BUNDLE_IDENTIFIER = "planforlife.Catch-The-KennyUITests";
				PRODUCT_NAME = "$(TARGET_NAME)";
				SWIFT_VERSION = 5.0;
				TARGETED_DEVICE_FAMILY = "1,2";
				TEST_TARGET_NAME = "Catch The Kenny";
			};
			name = Debug;
		};
		28AF703F2438E62F00F78508 /* Release */ = {
			isa = XCBuildConfiguration;
			buildSettings = {
				ALWAYS_EMBED_SWIFT_STANDARD_LIBRARIES = YES;
				CODE_SIGN_STYLE = Automatic;
				DEVELOPMENT_TEAM = 4AH5W8379D;
				INFOPLIST_FILE = "Catch The KennyUITests/Info.plist";
				LD_RUNPATH_SEARCH_PATHS = (
					"$(inherited)",
					"@executable_path/Frameworks",
					"@loader_path/Frameworks",
				);
				PRODUCT_BUNDLE_IDENTIFIER = "planforlife.Catch-The-KennyUITests";
				PRODUCT_NAME = "$(TARGET_NAME)";
				SWIFT_VERSION = 5.0;
				TARGETED_DEVICE_FAMILY = "1,2";
				TEST_TARGET_NAME = "Catch The Kenny";
			};
			name = Release;
		};
/* End XCBuildConfiguration section */

/* Begin XCConfigurationList section */
		28AF70082438E62A00F78508 /* Build configuration list for PBXProject "Catch The Kenny" */ = {
			isa = XCConfigurationList;
			buildConfigurations = (
				28AF70352438E62F00F78508 /* Debug */,
				28AF70362438E62F00F78508 /* Release */,
			);
			defaultConfigurationIsVisible = 0;
			defaultConfigurationName = Release;
		};
		28AF70372438E62F00F78508 /* Build configuration list for PBXNativeTarget "Catch The Kenny" */ = {
			isa = XCConfigurationList;
			buildConfigurations = (
				28AF70382438E62F00F78508 /* Debug */,
				28AF70392438E62F00F78508 /* Release */,
			);
			defaultConfigurationIsVisible = 0;
			defaultConfigurationName = Release;
		};
		28AF703A2438E62F00F78508 /* Build configuration list for PBXNativeTarget "Catch The KennyTests" */ = {
			isa = XCConfigurationList;
			buildConfigurations = (
				28AF703B2438E62F00F78508 /* Debug */,
				28AF703C2438E62F00F78508 /* Release */,
			);
			defaultConfigurationIsVisible = 0;
			defaultConfigurationName = Release;
		};
		28AF703D2438E62F00F78508 /* Build configuration list for PBXNativeTarget "Catch The KennyUITests" */ = {
			isa = XCConfigurationList;
			buildConfigurations = (
				28AF703E2438E62F00F78508 /* Debug */,
				28AF703F2438E62F00F78508 /* Release */,
			);
			defaultConfigurationIsVisible = 0;
			defaultConfigurationName = Release;
		};
/* End XCConfigurationList section */
	};
	rootObject = 28AF70052438E62A00F78508 /* Project object */;
}
